// !$*UTF8*$!
{
	archiveVersion = 1;
	classes = {
	};
	objectVersion = 77;
	objects = {

/* Begin PBXBuildFile section */
		F5BBBA802E94C2F200A491EB /* Supabase in Frameworks */ = {isa = PBXBuildFile; productRef = F5BBBA7F2E94C2F200A491EB /* Supabase */; };
/* End PBXBuildFile section */

/* Begin PBXContainerItemProxy section */
		F58038EF2E94851500C4182C /* PBXContainerItemProxy */ = {
			isa = PBXContainerItemProxy;
			containerPortal = F58038D62E94851300C4182C /* Project object */;
			proxyType = 1;
			remoteGlobalIDString = F58038DD2E94851300C4182C;
			remoteInfo = SlapApp;
		};
		F58038F92E94851500C4182C /* PBXContainerItemProxy */ = {
			isa = PBXContainerItemProxy;
			containerPortal = F58038D62E94851300C4182C /* Project object */;
			proxyType = 1;
			remoteGlobalIDString = F58038DD2E94851300C4182C;
			remoteInfo = SlapApp;
		};
/* End PBXContainerItemProxy section */

/* Begin PBXFileReference section */
		F58038DE2E94851300C4182C /* SlapApp.app */ = {isa = PBXFileReference; explicitFileType = wrapper.application; includeInIndex = 0; path = SlapApp.app; sourceTree = BUILT_PRODUCTS_DIR; };
		F58038EE2E94851500C4182C /* SlapAppTests.xctest */ = {isa = PBXFileReference; explicitFileType = wrapper.cfbundle; includeInIndex = 0; path = SlapAppTests.xctest; sourceTree = BUILT_PRODUCTS_DIR; };
		F58038F82E94851500C4182C /* SlapAppUITests.xctest */ = {isa = PBXFileReference; explicitFileType = wrapper.cfbundle; includeInIndex = 0; path = SlapAppUITests.xctest; sourceTree = BUILT_PRODUCTS_DIR; };
/* End PBXFileReference section */

/* Begin PBXFileSystemSynchronizedBuildFileExceptionSet section */
		F5DEBA3F2E94B47C00E96FB1 /* Exceptions for "SlapApp" folder in "SlapApp" target */ = {
			isa = PBXFileSystemSynchronizedBuildFileExceptionSet;
			membershipExceptions = (
				Info.plist,
			);
			target = F58038DD2E94851300C4182C /* SlapApp */;
		};
/* End PBXFileSystemSynchronizedBuildFileExceptionSet section */

/* Begin PBXFileSystemSynchronizedRootGroup section */
		F58038E02E94851300C4182C /* SlapApp */ = {
			isa = PBXFileSystemSynchronizedRootGroup;
			exceptions = (
				F5DEBA3F2E94B47C00E96FB1 /* Exceptions for "SlapApp" folder in "SlapApp" target */,
			);
			path = SlapApp;
			sourceTree = "<group>";
		};
		F58038F12E94851500C4182C /* SlapAppTests */ = {
			isa = PBXFileSystemSynchronizedRootGroup;
			path = SlapAppTests;
			sourceTree = "<group>";
		};
		F58038FB2E94851500C4182C /* SlapAppUITests */ = {
			isa = PBXFileSystemSynchronizedRootGroup;
			path = SlapAppUITests;
			sourceTree = "<group>";
		};
/* End PBXFileSystemSynchronizedRootGroup section */

/* Begin PBXFrameworksBuildPhase section */
		F58038DB2E94851300C4182C /* Frameworks */ = {
			isa = PBXFrameworksBuildPhase;
			buildActionMask = 2147483647;
			files = (
				F5BBBA802E94C2F200A491EB /* Supabase in Frameworks */,
			);
			runOnlyForDeploymentPostprocessing = 0;
		};
		F58038EB2E94851500C4182C /* Frameworks */ = {
			isa = PBXFrameworksBuildPhase;
			buildActionMask = 2147483647;
			files = (
			);
			runOnlyForDeploymentPostprocessing = 0;
		};
		F58038F52E94851500C4182C /* Frameworks */ = {
			isa = PBXFrameworksBuildPhase;
			buildActionMask = 2147483647;
			files = (
			);
			runOnlyForDeploymentPostprocessing = 0;
		};
/* End PBXFrameworksBuildPhase section */

/* Begin PBXGroup section */
		F58038D52E94851300C4182C = {
			isa = PBXGroup;
			children = (
				F58038E02E94851300C4182C /* SlapApp */,
				F58038F12E94851500C4182C /* SlapAppTests */,
				F58038FB2E94851500C4182C /* SlapAppUITests */,
				F5BBBA7E2E94C2F200A491EB /* Frameworks */,
				F58038DF2E94851300C4182C /* Products */,
			);
			sourceTree = "<group>";
		};
		F58038DF2E94851300C4182C /* Products */ = {
			isa = PBXGroup;
			children = (
				F58038DE2E94851300C4182C /* SlapApp.app */,
				F58038EE2E94851500C4182C /* SlapAppTests.xctest */,
				F58038F82E94851500C4182C /* SlapAppUITests.xctest */,
			);
			name = Products;
			sourceTree = "<group>";
		};
		F5BBBA7E2E94C2F200A491EB /* Frameworks */ = {
			isa = PBXGroup;
			children = (
			);
			name = Frameworks;
			sourceTree = "<group>";
		};
/* End PBXGroup section */

/* Begin PBXNativeTarget section */
		F58038DD2E94851300C4182C /* SlapApp */ = {
			isa = PBXNativeTarget;
			buildConfigurationList = F58039022E94851500C4182C /* Build configuration list for PBXNativeTarget "SlapApp" */;
			buildPhases = (
				F58038DA2E94851300C4182C /* Sources */,
				F58038DB2E94851300C4182C /* Frameworks */,
				F58038DC2E94851300C4182C /* Resources */,
			);
			buildRules = (
			);
			dependencies = (
			);
			fileSystemSynchronizedGroups = (
				F58038E02E94851300C4182C /* SlapApp */,
			);
			name = SlapApp;
			packageProductDependencies = (
				F5BBBA7F2E94C2F200A491EB /* Supabase */,
			);
			productName = SlapApp;
			productReference = F58038DE2E94851300C4182C /* SlapApp.app */;
			productType = "com.apple.product-type.application";
		};
		F58038ED2E94851500C4182C /* SlapAppTests */ = {
			isa = PBXNativeTarget;
			buildConfigurationList = F58039052E94851500C4182C /* Build configuration list for PBXNativeTarget "SlapAppTests" */;
			buildPhases = (
				F58038EA2E94851500C4182C /* Sources */,
				F58038EB2E94851500C4182C /* Frameworks */,
				F58038EC2E94851500C4182C /* Resources */,
			);
			buildRules = (
			);
			dependencies = (
				F58038F02E94851500C4182C /* PBXTargetDependency */,
			);
			fileSystemSynchronizedGroups = (
				F58038F12E94851500C4182C /* SlapAppTests */,
			);
			name = SlapAppTests;
			packageProductDependencies = (
			);
			productName = SlapAppTests;
			productReference = F58038EE2E94851500C4182C /* SlapAppTests.xctest */;
			productType = "com.apple.product-type.bundle.unit-test";
		};
		F58038F72E94851500C4182C /* SlapAppUITests */ = {
			isa = PBXNativeTarget;
			buildConfigurationList = F58039082E94851500C4182C /* Build configuration list for PBXNativeTarget "SlapAppUITests" */;
			buildPhases = (
				F58038F42E94851500C4182C /* Sources */,
				F58038F52E94851500C4182C /* Frameworks */,
				F58038F62E94851500C4182C /* Resources */,
			);
			buildRules = (
			);
			dependencies = (
				F58038FA2E94851500C4182C /* PBXTargetDependency */,
			);
			fileSystemSynchronizedGroups = (
				F58038FB2E94851500C4182C /* SlapAppUITests */,
			);
			name = SlapAppUITests;
			packageProductDependencies = (
			);
			productName = SlapAppUITests;
			productReference = F58038F82E94851500C4182C /* SlapAppUITests.xctest */;
			productType = "com.apple.product-type.bundle.ui-testing";
		};
/* End PBXNativeTarget section */

/* Begin PBXProject section */
		F58038D62E94851300C4182C /* Project object */ = {
			isa = PBXProject;
			attributes = {
				BuildIndependentTargetsInParallel = 1;
				LastSwiftUpdateCheck = 1620;
				LastUpgradeCheck = 1620;
				TargetAttributes = {
					F58038DD2E94851300C4182C = {
						CreatedOnToolsVersion = 16.2;
					};
					F58038ED2E94851500C4182C = {
						CreatedOnToolsVersion = 16.2;
						TestTargetID = F58038DD2E94851300C4182C;
					};
					F58038F72E94851500C4182C = {
						CreatedOnToolsVersion = 16.2;
						TestTargetID = F58038DD2E94851300C4182C;
					};
				};
			};
			buildConfigurationList = F58038D92E94851300C4182C /* Build configuration list for PBXProject "SlapApp" */;
			developmentRegion = en;
			hasScannedForEncodings = 0;
			knownRegions = (
				en,
				Base,
			);
			mainGroup = F58038D52E94851300C4182C;
			minimizedProjectReferenceProxies = 1;
			packageReferences = (
				F5BBBA792E94BE3D00A491EB /* XCRemoteSwiftPackageReference "supabase-swift" */,
			);
			preferredProjectObjectVersion = 77;
			productRefGroup = F58038DF2E94851300C4182C /* Products */;
			projectDirPath = "";
			projectRoot = "";
			targets = (
				F58038DD2E94851300C4182C /* SlapApp */,
				F58038ED2E94851500C4182C /* SlapAppTests */,
				F58038F72E94851500C4182C /* SlapAppUITests */,
			);
		};
/* End PBXProject section */

/* Begin PBXResourcesBuildPhase section */
		F58038DC2E94851300C4182C /* Resources */ = {
			isa = PBXResourcesBuildPhase;
			buildActionMask = 2147483647;
			files = (
			);
			runOnlyForDeploymentPostprocessing = 0;
		};
		F58038EC2E94851500C4182C /* Resources */ = {
			isa = PBXResourcesBuildPhase;
			buildActionMask = 2147483647;
			files = (
			);
			runOnlyForDeploymentPostprocessing = 0;
		};
		F58038F62E94851500C4182C /* Resources */ = {
			isa = PBXResourcesBuildPhase;
			buildActionMask = 2147483647;
			files = (
			);
			runOnlyForDeploymentPostprocessing = 0;
		};
/* End PBXResourcesBuildPhase section */

/* Begin PBXSourcesBuildPhase section */
		F58038DA2E94851300C4182C /* Sources */ = {
			isa = PBXSourcesBuildPhase;
			buildActionMask = 2147483647;
			files = (
			);
			runOnlyForDeploymentPostprocessing = 0;
		};
		F58038EA2E94851500C4182C /* Sources */ = {
			isa = PBXSourcesBuildPhase;
			buildActionMask = 2147483647;
			files = (
			);
			runOnlyForDeploymentPostprocessing = 0;
		};
		F58038F42E94851500C4182C /* Sources */ = {
			isa = PBXSourcesBuildPhase;
			buildActionMask = 2147483647;
			files = (
			);
			runOnlyForDeploymentPostprocessing = 0;
		};
/* End PBXSourcesBuildPhase section */

/* Begin PBXTargetDependency section */
		F58038F02E94851500C4182C /* PBXTargetDependency */ = {
			isa = PBXTargetDependency;
			target = F58038DD2E94851300C4182C /* SlapApp */;
			targetProxy = F58038EF2E94851500C4182C /* PBXContainerItemProxy */;
		};
		F58038FA2E94851500C4182C /* PBXTargetDependency */ = {
			isa = PBXTargetDependency;
			target = F58038DD2E94851300C4182C /* SlapApp */;
			targetProxy = F58038F92E94851500C4182C /* PBXContainerItemProxy */;
		};
/* End PBXTargetDependency section */

/* Begin XCBuildConfiguration section */
		F58039002E94851500C4182C /* Debug */ = {
			isa = XCBuildConfiguration;
			buildSettings = {
				ALWAYS_SEARCH_USER_PATHS = NO;
				ASSETCATALOG_COMPILER_GENERATE_SWIFT_ASSET_SYMBOL_EXTENSIONS = YES;
				CLANG_ANALYZER_NONNULL = YES;
				CLANG_ANALYZER_NUMBER_OBJECT_CONVERSION = YES_AGGRESSIVE;
				CLANG_CXX_LANGUAGE_STANDARD = "gnu++20";
				CLANG_ENABLE_MODULES = YES;
				CLANG_ENABLE_OBJC_ARC = YES;
				CLANG_ENABLE_OBJC_WEAK = YES;
				CLANG_WARN_BLOCK_CAPTURE_AUTORELEASING = YES;
				CLANG_WARN_BOOL_CONVERSION = YES;
				CLANG_WARN_COMMA = YES;
				CLANG_WARN_CONSTANT_CONVERSION = YES;
				CLANG_WARN_DEPRECATED_OBJC_IMPLEMENTATIONS = YES;
				CLANG_WARN_DIRECT_OBJC_ISA_USAGE = YES_ERROR;
				CLANG_WARN_DOCUMENTATION_COMMENTS = YES;
				CLANG_WARN_EMPTY_BODY = YES;
				CLANG_WARN_ENUM_CONVERSION = YES;
				CLANG_WARN_INFINITE_RECURSION = YES;
				CLANG_WARN_INT_CONVERSION = YES;
				CLANG_WARN_NON_LITERAL_NULL_CONVERSION = YES;
				CLANG_WARN_OBJC_IMPLICIT_RETAIN_SELF = YES;
				CLANG_WARN_OBJC_LITERAL_CONVERSION = YES;
				CLANG_WARN_OBJC_ROOT_CLASS = YES_ERROR;
				CLANG_WARN_QUOTED_INCLUDE_IN_FRAMEWORK_HEADER = YES;
				CLANG_WARN_RANGE_LOOP_ANALYSIS = YES;
				CLANG_WARN_STRICT_PROTOTYPES = YES;
				CLANG_WARN_SUSPICIOUS_MOVE = YES;
				CLANG_WARN_UNGUARDED_AVAILABILITY = YES_AGGRESSIVE;
				CLANG_WARN_UNREACHABLE_CODE = YES;
				CLANG_WARN__DUPLICATE_METHOD_MATCH = YES;
				COPY_PHASE_STRIP = NO;
				DEBUG_INFORMATION_FORMAT = dwarf;
				ENABLE_STRICT_OBJC_MSGSEND = YES;
				ENABLE_TESTABILITY = YES;
				ENABLE_USER_SCRIPT_SANDBOXING = YES;
				GCC_C_LANGUAGE_STANDARD = gnu17;
				GCC_DYNAMIC_NO_PIC = NO;
				GCC_NO_COMMON_BLOCKS = YES;
				GCC_OPTIMIZATION_LEVEL = 0;
				GCC_PREPROCESSOR_DEFINITIONS = (
					"DEBUG=1",
					"$(inherited)",
				);
				GCC_WARN_64_TO_32_BIT_CONVERSION = YES;
				GCC_WARN_ABOUT_RETURN_TYPE = YES_ERROR;
				GCC_WARN_UNDECLARED_SELECTOR = YES;
				GCC_WARN_UNINITIALIZED_AUTOS = YES_AGGRESSIVE;
				GCC_WARN_UNUSED_FUNCTION = YES;
				GCC_WARN_UNUSED_VARIABLE = YES;
				IPHONEOS_DEPLOYMENT_TARGET = 18.2;
				LOCALIZATION_PREFERS_STRING_CATALOGS = YES;
				MTL_ENABLE_DEBUG_INFO = INCLUDE_SOURCE;
				MTL_FAST_MATH = YES;
				ONLY_ACTIVE_ARCH = YES;
				SDKROOT = iphoneos;
				SWIFT_ACTIVE_COMPILATION_CONDITIONS = "DEBUG $(inherited)";
				SWIFT_OPTIMIZATION_LEVEL = "-Onone";
			};
			name = Debug;
		};
		F58039012E94851500C4182C /* Release */ = {
			isa = XCBuildConfiguration;
			buildSettings = {
				ALWAYS_SEARCH_USER_PATHS = NO;
				ASSETCATALOG_COMPILER_GENERATE_SWIFT_ASSET_SYMBOL_EXTENSIONS = YES;
				CLANG_ANALYZER_NONNULL = YES;
				CLANG_ANALYZER_NUMBER_OBJECT_CONVERSION = YES_AGGRESSIVE;
				CLANG_CXX_LANGUAGE_STANDARD = "gnu++20";
				CLANG_ENABLE_MODULES = YES;
				CLANG_ENABLE_OBJC_ARC = YES;
				CLANG_ENABLE_OBJC_WEAK = YES;
				CLANG_WARN_BLOCK_CAPTURE_AUTORELEASING = YES;
				CLANG_WARN_BOOL_CONVERSION = YES;
				CLANG_WARN_COMMA = YES;
				CLANG_WARN_CONSTANT_CONVERSION = YES;
				CLANG_WARN_DEPRECATED_OBJC_IMPLEMENTATIONS = YES;
				CLANG_WARN_DIRECT_OBJC_ISA_USAGE = YES_ERROR;
				CLANG_WARN_DOCUMENTATION_COMMENTS = YES;
				CLANG_WARN_EMPTY_BODY = YES;
				CLANG_WARN_ENUM_CONVERSION = YES;
				CLANG_WARN_INFINITE_RECURSION = YES;
				CLANG_WARN_INT_CONVERSION = YES;
				CLANG_WARN_NON_LITERAL_NULL_CONVERSION = YES;
				CLANG_WARN_OBJC_IMPLICIT_RETAIN_SELF = YES;
				CLANG_WARN_OBJC_LITERAL_CONVERSION = YES;
				CLANG_WARN_OBJC_ROOT_CLASS = YES_ERROR;
				CLANG_WARN_QUOTED_INCLUDE_IN_FRAMEWORK_HEADER = YES;
				CLANG_WARN_RANGE_LOOP_ANALYSIS = YES;
				CLANG_WARN_STRICT_PROTOTYPES = YES;
				CLANG_WARN_SUSPICIOUS_MOVE = YES;
				CLANG_WARN_UNGUARDED_AVAILABILITY = YES_AGGRESSIVE;
				CLANG_WARN_UNREACHABLE_CODE = YES;
				CLANG_WARN__DUPLICATE_METHOD_MATCH = YES;
				COPY_PHASE_STRIP = NO;
				DEBUG_INFORMATION_FORMAT = "dwarf-with-dsym";
				ENABLE_NS_ASSERTIONS = NO;
				ENABLE_STRICT_OBJC_MSGSEND = YES;
				ENABLE_USER_SCRIPT_SANDBOXING = YES;
				GCC_C_LANGUAGE_STANDARD = gnu17;
				GCC_NO_COMMON_BLOCKS = YES;
				GCC_WARN_64_TO_32_BIT_CONVERSION = YES;
				GCC_WARN_ABOUT_RETURN_TYPE = YES_ERROR;
				GCC_WARN_UNDECLARED_SELECTOR = YES;
				GCC_WARN_UNINITIALIZED_AUTOS = YES_AGGRESSIVE;
				GCC_WARN_UNUSED_FUNCTION = YES;
				GCC_WARN_UNUSED_VARIABLE = YES;
				IPHONEOS_DEPLOYMENT_TARGET = 18.2;
				LOCALIZATION_PREFERS_STRING_CATALOGS = YES;
				MTL_ENABLE_DEBUG_INFO = NO;
				MTL_FAST_MATH = YES;
				SDKROOT = iphoneos;
				SWIFT_COMPILATION_MODE = wholemodule;
				VALIDATE_PRODUCT = YES;
			};
			name = Release;
		};
		F58039032E94851500C4182C /* Debug */ = {
			isa = XCBuildConfiguration;
			buildSettings = {
				ASSETCATALOG_COMPILER_APPICON_NAME = AppIcon;
				ASSETCATALOG_COMPILER_GLOBAL_ACCENT_COLOR_NAME = AccentColor;
				ASSETCATALOG_COMPILER_INCLUDE_ALL_APPICON_ASSETS = NO;
				CODE_SIGN_ENTITLEMENTS = SlapApp/SlapApp.entitlements;
				CODE_SIGN_STYLE = Automatic;
				CURRENT_PROJECT_VERSION = 1;
				DEVELOPMENT_ASSET_PATHS = "\"SlapApp/Preview Content\"";
				DEVELOPMENT_TEAM = XBKGJN6FG3;
				ENABLE_PREVIEWS = YES;
				GENERATE_INFOPLIST_FILE = YES;
				INFOPLIST_FILE = SlapApp/Info.plist;
				INFOPLIST_KEY_CFBundleDisplayName = "Slap App";
				INFOPLIST_KEY_LSApplicationCategoryType = "public.app-category.social-networking";
				INFOPLIST_KEY_UIApplicationSceneManifest_Generation = YES;
				INFOPLIST_KEY_UIApplicationSupportsIndirectInputEvents = YES;
				INFOPLIST_KEY_UILaunchScreen_Generation = YES;
				INFOPLIST_KEY_UIStatusBarStyle = "";
				INFOPLIST_KEY_UISupportedInterfaceOrientations = UIInterfaceOrientationPortrait;
				INFOPLIST_KEY_UIUserInterfaceStyle = Light;
				IPHONEOS_DEPLOYMENT_TARGET = 15.6;
				LD_RUNPATH_SEARCH_PATHS = (
					"$(inherited)",
					"@executable_path/Frameworks",
				);
				MARKETING_VERSION = 1.0;
				PRODUCT_BUNDLE_IDENTIFIER = vi.luis.SlapApp;
				PRODUCT_NAME = "$(TARGET_NAME)";
				SUPPORTED_PLATFORMS = "iphoneos iphonesimulator";
				SUPPORTS_MACCATALYST = NO;
				SUPPORTS_MAC_DESIGNED_FOR_IPHONE_IPAD = NO;
				SUPPORTS_XR_DESIGNED_FOR_IPHONE_IPAD = NO;
				SWIFT_EMIT_LOC_STRINGS = YES;
				SWIFT_VERSION = 5.0;
				TARGETED_DEVICE_FAMILY = 1;
			};
			name = Debug;
		};
		F58039042E94851500C4182C /* Release */ = {
			isa = XCBuildConfiguration;
			buildSettings = {
				ASSETCATALOG_COMPILER_APPICON_NAME = AppIcon;
				ASSETCATALOG_COMPILER_GLOBAL_ACCENT_COLOR_NAME = AccentColor;
				ASSETCATALOG_COMPILER_INCLUDE_ALL_APPICON_ASSETS = NO;
				CODE_SIGN_ENTITLEMENTS = SlapApp/SlapApp.entitlements;
				CODE_SIGN_STYLE = Automatic;
				CURRENT_PROJECT_VERSION = 1;
				DEVELOPMENT_ASSET_PATHS = "\"SlapApp/Preview Content\"";
				DEVELOPMENT_TEAM = XBKGJN6FG3;
				ENABLE_PREVIEWS = YES;
				GENERATE_INFOPLIST_FILE = YES;
				INFOPLIST_FILE = SlapApp/Info.plist;
				INFOPLIST_KEY_CFBundleDisplayName = "Slap App";
				INFOPLIST_KEY_LSApplicationCategoryType = "public.app-category.social-networking";
				INFOPLIST_KEY_UIApplicationSceneManifest_Generation = YES;
				INFOPLIST_KEY_UIApplicationSupportsIndirectInputEvents = YES;
				INFOPLIST_KEY_UILaunchScreen_Generation = YES;
				INFOPLIST_KEY_UIStatusBarStyle = "";
				INFOPLIST_KEY_UISupportedInterfaceOrientations = UIInterfaceOrientationPortrait;
				INFOPLIST_KEY_UIUserInterfaceStyle = Light;
				IPHONEOS_DEPLOYMENT_TARGET = 15.6;
				LD_RUNPATH_SEARCH_PATHS = (
					"$(inherited)",
					"@executable_path/Frameworks",
				);
				MARKETING_VERSION = 1.0;
				PRODUCT_BUNDLE_IDENTIFIER = vi.luis.SlapApp;
				PRODUCT_NAME = "$(TARGET_NAME)";
				SUPPORTED_PLATFORMS = "iphoneos iphonesimulator";
				SUPPORTS_MACCATALYST = NO;
				SUPPORTS_MAC_DESIGNED_FOR_IPHONE_IPAD = NO;
				SUPPORTS_XR_DESIGNED_FOR_IPHONE_IPAD = NO;
				SWIFT_EMIT_LOC_STRINGS = YES;
				SWIFT_VERSION = 5.0;
				TARGETED_DEVICE_FAMILY = 1;
			};
			name = Release;
		};
		F58039062E94851500C4182C /* Debug */ = {
			isa = XCBuildConfiguration;
			buildSettings = {
				BUNDLE_LOADER = "$(TEST_HOST)";
				CODE_SIGN_STYLE = Automatic;
				CURRENT_PROJECT_VERSION = 1;
				DEVELOPMENT_TEAM = XBKGJN6FG3;
				GENERATE_INFOPLIST_FILE = YES;
				IPHONEOS_DEPLOYMENT_TARGET = 18.2;
				MARKETING_VERSION = 1.0;
				PRODUCT_BUNDLE_IDENTIFIER = vi.luis.SlapAppTests;
				PRODUCT_NAME = "$(TARGET_NAME)";
				SWIFT_EMIT_LOC_STRINGS = NO;
				SWIFT_VERSION = 5.0;
				TARGETED_DEVICE_FAMILY = "1,2";
				TEST_HOST = "$(BUILT_PRODUCTS_DIR)/SlapApp.app/$(BUNDLE_EXECUTABLE_FOLDER_PATH)/SlapApp";
			};
			name = Debug;
		};
		F58039072E94851500C4182C /* Release */ = {
			isa = XCBuildConfiguration;
			buildSettings = {
				BUNDLE_LOADER = "$(TEST_HOST)";
				CODE_SIGN_STYLE = Automatic;
				CURRENT_PROJECT_VERSION = 1;
				DEVELOPMENT_TEAM = XBKGJN6FG3;
				GENERATE_INFOPLIST_FILE = YES;
				IPHONEOS_DEPLOYMENT_TARGET = 18.2;
				MARKETING_VERSION = 1.0;
				PRODUCT_BUNDLE_IDENTIFIER = vi.luis.SlapAppTests;
				PRODUCT_NAME = "$(TARGET_NAME)";
				SWIFT_EMIT_LOC_STRINGS = NO;
				SWIFT_VERSION = 5.0;
				TARGETED_DEVICE_FAMILY = "1,2";
				TEST_HOST = "$(BUILT_PRODUCTS_DIR)/SlapApp.app/$(BUNDLE_EXECUTABLE_FOLDER_PATH)/SlapApp";
			};
			name = Release;
		};
		F58039092E94851500C4182C /* Debug */ = {
			isa = XCBuildConfiguration;
			buildSettings = {
				CODE_SIGN_STYLE = Automatic;
				CURRENT_PROJECT_VERSION = 1;
				DEVELOPMENT_TEAM = XBKGJN6FG3;
				GENERATE_INFOPLIST_FILE = YES;
				MARKETING_VERSION = 1.0;
				PRODUCT_BUNDLE_IDENTIFIER = vi.luis.SlapAppUITests;
				PRODUCT_NAME = "$(TARGET_NAME)";
				SWIFT_EMIT_LOC_STRINGS = NO;
				SWIFT_VERSION = 5.0;
				TARGETED_DEVICE_FAMILY = "1,2";
				TEST_TARGET_NAME = SlapApp;
			};
			name = Debug;
		};
		F580390A2E94851500C4182C /* Release */ = {
			isa = XCBuildConfiguration;
			buildSettings = {
				CODE_SIGN_STYLE = Automatic;
				CURRENT_PROJECT_VERSION = 1;
				DEVELOPMENT_TEAM = XBKGJN6FG3;
				GENERATE_INFOPLIST_FILE = YES;
				MARKETING_VERSION = 1.0;
				PRODUCT_BUNDLE_IDENTIFIER = vi.luis.SlapAppUITests;
				PRODUCT_NAME = "$(TARGET_NAME)";
				SWIFT_EMIT_LOC_STRINGS = NO;
				SWIFT_VERSION = 5.0;
				TARGETED_DEVICE_FAMILY = "1,2";
				TEST_TARGET_NAME = SlapApp;
			};
			name = Release;
		};
/* End XCBuildConfiguration section */

/* Begin XCConfigurationList section */
		F58038D92E94851300C4182C /* Build configuration list for PBXProject "SlapApp" */ = {
			isa = XCConfigurationList;
			buildConfigurations = (
				F58039002E94851500C4182C /* Debug */,
				F58039012E94851500C4182C /* Release */,
			);
			defaultConfigurationIsVisible = 0;
			defaultConfigurationName = Release;
		};
		F58039022E94851500C4182C /* Build configuration list for PBXNativeTarget "SlapApp" */ = {
			isa = XCConfigurationList;
			buildConfigurations = (
				F58039032E94851500C4182C /* Debug */,
				F58039042E94851500C4182C /* Release */,
			);
			defaultConfigurationIsVisible = 0;
			defaultConfigurationName = Release;
		};
		F58039052E94851500C4182C /* Build configuration list for PBXNativeTarget "SlapAppTests" */ = {
			isa = XCConfigurationList;
			buildConfigurations = (
				F58039062E94851500C4182C /* Debug */,
				F58039072E94851500C4182C /* Release */,
			);
			defaultConfigurationIsVisible = 0;
			defaultConfigurationName = Release;
		};
		F58039082E94851500C4182C /* Build configuration list for PBXNativeTarget "SlapAppUITests" */ = {
			isa = XCConfigurationList;
			buildConfigurations = (
				F58039092E94851500C4182C /* Debug */,
				F580390A2E94851500C4182C /* Release */,
			);
			defaultConfigurationIsVisible = 0;
			defaultConfigurationName = Release;
		};
/* End XCConfigurationList section */

/* Begin XCRemoteSwiftPackageReference section */
		F5BBBA792E94BE3D00A491EB /* XCRemoteSwiftPackageReference "supabase-swift" */ = {
			isa = XCRemoteSwiftPackageReference;
			repositoryURL = "https://github.com/supabase/supabase-swift";
			requirement = {
				kind = upToNextMajorVersion;
				minimumVersion = 2.5.1;
			};
		};
/* End XCRemoteSwiftPackageReference section */

/* Begin XCSwiftPackageProductDependency section */
		F5BBBA7F2E94C2F200A491EB /* Supabase */ = {
			isa = XCSwiftPackageProductDependency;
			package = F5BBBA792E94BE3D00A491EB /* XCRemoteSwiftPackageReference "supabase-swift" */;
			productName = Supabase;
		};
/* End XCSwiftPackageProductDependency section */
	};
	rootObject = F58038D62E94851300C4182C /* Project object */;
}
